
Microsoft Visual Studio Solution File, Format Version 12.00
# Visual Studio Version 17
VisualStudioVersion = 17.7.34031.279
MinimumVisualStudioVersion = 10.0.40219.1
Project("{FAE04EC0-301F-11D3-BF4B-00C04F79EFBC}") = "Dashboard@Calendar", "Dashboard@Calendar.csproj", "{68A6BCD8-140A-45B8-BF04-352C27BEBFEF}"
EndProject
Global
	GlobalSection(SolutionConfigurationPlatforms) = preSolution
		Debug|Any CPU = Debug|Any CPU
		Release|Any CPU = Release|Any CPU
	EndGlobalSection
	GlobalSection(ProjectConfigurationPlatforms) = postSolution
		{68A6BCD8-140A-45B8-BF04-352C27BEBFEF}.Debug|Any CPU.ActiveCfg = Debug|Any CPU
		{68A6BCD8-140A-45B8-BF04-352C27BEBFEF}.Debug|Any CPU.Build.0 = Debug|Any CPU
		{68A6BCD8-140A-45B8-BF04-352C27BEBFEF}.Release|Any CPU.ActiveCfg = Release|Any CPU
		{68A6BCD8-140A-45B8-BF04-352C27BEBFEF}.Release|Any CPU.Build.0 = Release|Any CPU
	EndGlobalSection
	GlobalSection(SolutionProperties) = preSolution
		HideSolutionNode = FALSE
	EndGlobalSection
	GlobalSection(ExtensibilityGlobals) = postSolution
		SolutionGuid = {57A488AD-F9DE-4DB8-8857-C35E3667F90A}
	EndGlobalSection
EndGlobal
